
Microsoft Visual Studio Solution File, Format Version 12.00
# Visual Studio Version 17
VisualStudioVersion = 17.7.34031.279
MinimumVisualStudioVersion = 10.0.40219.1
Project("{FAE04EC0-301F-11D3-BF4B-00C04F79EFBC}") = "Problema02_Lab14", "Problema02_Lab14.csproj", "{C44A87A7-2BD8-4D3F-B8AF-DFF72EE11D2B}"
EndProject
Global
	GlobalSection(SolutionConfigurationPlatforms) = preSolution
		Debug|Any CPU = Debug|Any CPU
		Release|Any CPU = Release|Any CPU
	EndGlobalSection
	GlobalSection(ProjectConfigurationPlatforms) = postSolution
		{C44A87A7-2BD8-4D3F-B8AF-DFF72EE11D2B}.Debug|Any CPU.ActiveCfg = Debug|Any CPU
		{C44A87A7-2BD8-4D3F-B8AF-DFF72EE11D2B}.Debug|Any CPU.Build.0 = Debug|Any CPU
		{C44A87A7-2BD8-4D3F-B8AF-DFF72EE11D2B}.Release|Any CPU.ActiveCfg = Release|Any CPU
		{C44A87A7-2BD8-4D3F-B8AF-DFF72EE11D2B}.Release|Any CPU.Build.0 = Release|Any CPU
	EndGlobalSection
	GlobalSection(SolutionProperties) = preSolution
		HideSolutionNode = FALSE
	EndGlobalSection
	GlobalSection(ExtensibilityGlobals) = postSolution
		SolutionGuid = {AB5254C7-9BD1-4390-93F9-968DCC030CCE}
	EndGlobalSection
EndGlobal
